
Microsoft Visual Studio Solution File, Format Version 12.00
# Visual Studio Version 17
VisualStudioVersion = 17.4.33122.133
MinimumVisualStudioVersion = 15.0.28307.1082
Project("{2150E333-8FDC-42A3-9474-1A3956D46DE8}") = "Aether.Content.Pipeline", "Aether.Content.Pipeline", "{A921886B-C6F7-4FF8-8668-EC20004C464A}"
EndProject
Project("{9A19103F-16F7-4668-BE54-9A1E7A4F7556}") = "DDSImporter.NETSTANDARD", "Content.Pipeline\DDSImporter\DDSImporter.NETSTANDARD.csproj", "{26C387C6-7313-47D4-A05F-14639AB02D70}"
EndProject
Project("{9A19103F-16F7-4668-BE54-9A1E7A4F7556}") = "RawModelProcessor.NETSTANDARD", "Content.Pipeline\RawModelProcessor\RawModelProcessor.NETSTANDARD.csproj", "{48E4029A-115C-4DC2-AF3A-0AB94F36BFC0}"
EndProject
Project("{9A19103F-16F7-4668-BE54-9A1E7A4F7556}") = "GraphicsImporters.NETSTANDARD", "Content.Pipeline\GraphicsImporters\GraphicsImporters.NETSTANDARD.csproj", "{400DC7B2-739D-4156-916D-2F2E1920310D}"
EndProject
Project("{9A19103F-16F7-4668-BE54-9A1E7A4F7556}") = "Aether.Graphics.NETSTANDARD", "Graphics\Aether.Graphics.NETSTANDARD.csproj", "{0A4ED2DF-9CDD-4C98-83AA-1898A394AC27}"
EndProject
Project("{9A19103F-16F7-4668-BE54-9A1E7A4F7556}") = "AnimationImporters.NETSTANDARD", "Content.Pipeline\AnimationImporters\AnimationImporters.NETSTANDARD.csproj", "{D9A47306-DEE0-4410-BC2C-BA8FFCE682A3}"
EndProject
Project("{9A19103F-16F7-4668-BE54-9A1E7A4F7556}") = "TilemapImporter.NETSTANDARD", "Content.Pipeline\TilemapImporters\TilemapImporter.NETSTANDARD.csproj", "{9B0F9C6B-3C43-472D-B0C1-91E11A9FDE89}"
EndProject
Project("{9A19103F-16F7-4668-BE54-9A1E7A4F7556}") = "Aether.Animation.NETSTANDARD", "Animation\Aether.Animation.NETSTANDARD.csproj", "{F08D6D4C-60FB-4543-8D81-594080EB8051}"
EndProject
Project("{9A19103F-16F7-4668-BE54-9A1E7A4F7556}") = "Aether.Animation.NETSTANDARD.DX", "Animation\Aether.Animation.NETSTANDARD.DX.csproj", "{57903A6B-1576-4361-8F03-1D5F038A782A}"
EndProject
Project("{2150E333-8FDC-42A3-9474-1A3956D46DE8}") = "Aether.Shaders", "Aether.Shaders", "{13D47E11-4A7C-49C8-942E-2543E9C0098A}"
EndProject
Project("{9A19103F-16F7-4668-BE54-9A1E7A4F7556}") = "Aether.Shaders.FXAA.NETSTANDARD", "Shaders\FXAA\Aether.Shaders.FXAA.NETSTANDARD.csproj", "{FBBDE2BA-F9F3-4041-8584-2C912C235E26}"
EndProject
Project("{9A19103F-16F7-4668-BE54-9A1E7A4F7556}") = "Aether.Shaders.Deferred.NETSTANDARD", "Shaders\Deferred\Aether.Shaders.Deferred.NETSTANDARD.csproj", "{96105100-20DB-4187-9BCA-0A20AC9F1298}"
EndProject
Project("{9A19103F-16F7-4668-BE54-9A1E7A4F7556}") = "Aether.Shaders.Lighting.NETSTANDARD", "Shaders\Lighting\Aether.Shaders.Lighting.NETSTANDARD.csproj", "{146A2F6C-E83F-4A45-B2DF-5CD9C88C187F}"
EndProject
Project("{9A19103F-16F7-4668-BE54-9A1E7A4F7556}") = "AtlasImporter.NETSTANDARD", "Content.Pipeline\AtlasImporter\AtlasImporter.NETSTANDARD.csproj", "{E710FBEA-8C75-405D-B6B4-CFC82CB48FB5}"
EndProject
Project("{9A19103F-16F7-4668-BE54-9A1E7A4F7556}") = "Aether.Atlas.NETSTANDARD", "Atlas\Aether.Atlas.NETSTANDARD.csproj", "{C7522B5E-B255-4FB6-A17A-9E6D217AEBD2}"
EndProject
Project("{9A19103F-16F7-4668-BE54-9A1E7A4F7556}") = "Aether.Shaders.InfiniteGrid.NETSTANDARD", "Shaders\InfiniteGrid\Aether.Shaders.InfiniteGrid.NETSTANDARD.csproj", "{08296A2E-BECF-4DB9-A518-8A613D07B80E}"
EndProject
Project("{9A19103F-16F7-4668-BE54-9A1E7A4F7556}") = "Aether.Shaders.Tilemap.NETSTANDARD", "Shaders\Tilemap\Aether.Shaders.Tilemap.NETSTANDARD.csproj", "{6721CD07-0880-4154-85AF-EBE6043EF178}"
EndProject
Project("{9A19103F-16F7-4668-BE54-9A1E7A4F7556}") = "SLMCImporter.NETSTANDARD", "Content.Pipeline\SLMCImporter\SLMCImporter.NETSTANDARD.csproj", "{C9FA924B-DA91-4641-8B7D-CBC09E5560AE}"
EndProject
Project("{9A19103F-16F7-4668-BE54-9A1E7A4F7556}") = "VoxelImporters.NETSTANDARD", "Content.Pipeline\VoxelImporters\VoxelImporters.NETSTANDARD.csproj", "{AA15CF95-0AF2-4346-9465-CB6EDBE22ED9}"
EndProject
Project("{9A19103F-16F7-4668-BE54-9A1E7A4F7556}") = "Aether.Tilemap.NETSTANDARD", "Tilemap\Aether.Tilemap.NETSTANDARD.csproj", "{7BD9F460-F3F9-40A0-B298-066EA975C06C}"
EndProject
Global
	GlobalSection(SolutionConfigurationPlatforms) = preSolution
		Debug|Any CPU = Debug|Any CPU
		Release|Any CPU = Release|Any CPU
	EndGlobalSection
	GlobalSection(ProjectConfigurationPlatforms) = postSolution
		{26C387C6-7313-47D4-A05F-14639AB02D70}.Debug|Any CPU.ActiveCfg = Debug|Any CPU
		{26C387C6-7313-47D4-A05F-14639AB02D70}.Debug|Any CPU.Build.0 = Debug|Any CPU
		{26C387C6-7313-47D4-A05F-14639AB02D70}.Release|Any CPU.ActiveCfg = Release|Any CPU
		{26C387C6-7313-47D4-A05F-14639AB02D70}.Release|Any CPU.Build.0 = Release|Any CPU
		{48E4029A-115C-4DC2-AF3A-0AB94F36BFC0}.Debug|Any CPU.ActiveCfg = Debug|Any CPU
		{48E4029A-115C-4DC2-AF3A-0AB94F36BFC0}.Debug|Any CPU.Build.0 = Debug|Any CPU
		{48E4029A-115C-4DC2-AF3A-0AB94F36BFC0}.Release|Any CPU.ActiveCfg = Release|Any CPU
		{48E4029A-115C-4DC2-AF3A-0AB94F36BFC0}.Release|Any CPU.Build.0 = Release|Any CPU
		{400DC7B2-739D-4156-916D-2F2E1920310D}.Debug|Any CPU.ActiveCfg = Debug|Any CPU
		{400DC7B2-739D-4156-916D-2F2E1920310D}.Debug|Any CPU.Build.0 = Debug|Any CPU
		{400DC7B2-739D-4156-916D-2F2E1920310D}.Release|Any CPU.ActiveCfg = Release|Any CPU
		{400DC7B2-739D-4156-916D-2F2E1920310D}.Release|Any CPU.Build.0 = Release|Any CPU
		{0A4ED2DF-9CDD-4C98-83AA-1898A394AC27}.Debug|Any CPU.ActiveCfg = Debug|Any CPU
		{0A4ED2DF-9CDD-4C98-83AA-1898A394AC27}.Debug|Any CPU.Build.0 = Debug|Any CPU
		{0A4ED2DF-9CDD-4C98-83AA-1898A394AC27}.Release|Any CPU.ActiveCfg = Release|Any CPU
		{0A4ED2DF-9CDD-4C98-83AA-1898A394AC27}.Release|Any CPU.Build.0 = Release|Any CPU
		{D9A47306-DEE0-4410-BC2C-BA8FFCE682A3}.Debug|Any CPU.ActiveCfg = Debug|Any CPU
		{D9A47306-DEE0-4410-BC2C-BA8FFCE682A3}.Debug|Any CPU.Build.0 = Debug|Any CPU
		{D9A47306-DEE0-4410-BC2C-BA8FFCE682A3}.Release|Any CPU.ActiveCfg = Release|Any CPU
		{D9A47306-DEE0-4410-BC2C-BA8FFCE682A3}.Release|Any CPU.Build.0 = Release|Any CPU
		{9B0F9C6B-3C43-472D-B0C1-91E11A9FDE89}.Debug|Any CPU.ActiveCfg = Debug|Any CPU
		{9B0F9C6B-3C43-472D-B0C1-91E11A9FDE89}.Debug|Any CPU.Build.0 = Debug|Any CPU
		{9B0F9C6B-3C43-472D-B0C1-91E11A9FDE89}.Release|Any CPU.ActiveCfg = Release|Any CPU
		{9B0F9C6B-3C43-472D-B0C1-91E11A9FDE89}.Release|Any CPU.Build.0 = Release|Any CPU
		{F08D6D4C-60FB-4543-8D81-594080EB8051}.Debug|Any CPU.ActiveCfg = Debug|Any CPU
		{F08D6D4C-60FB-4543-8D81-594080EB8051}.Debug|Any CPU.Build.0 = Debug|Any CPU
		{F08D6D4C-60FB-4543-8D81-594080EB8051}.Release|Any CPU.ActiveCfg = Release|Any CPU
		{F08D6D4C-60FB-4543-8D81-594080EB8051}.Release|Any CPU.Build.0 = Release|Any CPU
		{57903A6B-1576-4361-8F03-1D5F038A782A}.Debug|Any CPU.ActiveCfg = Debug|Any CPU
		{57903A6B-1576-4361-8F03-1D5F038A782A}.Debug|Any CPU.Build.0 = Debug|Any CPU
		{57903A6B-1576-4361-8F03-1D5F038A782A}.Release|Any CPU.ActiveCfg = Release|Any CPU
		{57903A6B-1576-4361-8F03-1D5F038A782A}.Release|Any CPU.Build.0 = Release|Any CPU
		{FBBDE2BA-F9F3-4041-8584-2C912C235E26}.Debug|Any CPU.ActiveCfg = Debug|Any CPU
		{FBBDE2BA-F9F3-4041-8584-2C912C235E26}.Debug|Any CPU.Build.0 = Debug|Any CPU
		{FBBDE2BA-F9F3-4041-8584-2C912C235E26}.Release|Any CPU.ActiveCfg = Release|Any CPU
		{FBBDE2BA-F9F3-4041-8584-2C912C235E26}.Release|Any CPU.Build.0 = Release|Any CPU
		{96105100-20DB-4187-9BCA-0A20AC9F1298}.Debug|Any CPU.ActiveCfg = Debug|Any CPU
		{96105100-20DB-4187-9BCA-0A20AC9F1298}.Debug|Any CPU.Build.0 = Debug|Any CPU
		{96105100-20DB-4187-9BCA-0A20AC9F1298}.Release|Any CPU.ActiveCfg = Release|Any CPU
		{96105100-20DB-4187-9BCA-0A20AC9F1298}.Release|Any CPU.Build.0 = Release|Any CPU
		{146A2F6C-E83F-4A45-B2DF-5CD9C88C187F}.Debug|Any CPU.ActiveCfg = Debug|Any CPU
		{146A2F6C-E83F-4A45-B2DF-5CD9C88C187F}.Debug|Any CPU.Build.0 = Debug|Any CPU
		{146A2F6C-E83F-4A45-B2DF-5CD9C88C187F}.Release|Any CPU.ActiveCfg = Release|Any CPU
		{146A2F6C-E83F-4A45-B2DF-5CD9C88C187F}.Release|Any CPU.Build.0 = Release|Any CPU
		{E710FBEA-8C75-405D-B6B4-CFC82CB48FB5}.Debug|Any CPU.ActiveCfg = Debug|Any CPU
		{E710FBEA-8C75-405D-B6B4-CFC82CB48FB5}.Debug|Any CPU.Build.0 = Debug|Any CPU
		{E710FBEA-8C75-405D-B6B4-CFC82CB48FB5}.Release|Any CPU.ActiveCfg = Release|Any CPU
		{E710FBEA-8C75-405D-B6B4-CFC82CB48FB5}.Release|Any CPU.Build.0 = Release|Any CPU
		{C7522B5E-B255-4FB6-A17A-9E6D217AEBD2}.Debug|Any CPU.ActiveCfg = Debug|Any CPU
		{C7522B5E-B255-4FB6-A17A-9E6D217AEBD2}.Debug|Any CPU.Build.0 = Debug|Any CPU
		{C7522B5E-B255-4FB6-A17A-9E6D217AEBD2}.Release|Any CPU.ActiveCfg = Release|Any CPU
		{C7522B5E-B255-4FB6-A17A-9E6D217AEBD2}.Release|Any CPU.Build.0 = Release|Any CPU
		{08296A2E-BECF-4DB9-A518-8A613D07B80E}.Debug|Any CPU.ActiveCfg = Debug|Any CPU
		{08296A2E-BECF-4DB9-A518-8A613D07B80E}.Debug|Any CPU.Build.0 = Debug|Any CPU
		{08296A2E-BECF-4DB9-A518-8A613D07B80E}.Release|Any CPU.ActiveCfg = Release|Any CPU
		{08296A2E-BECF-4DB9-A518-8A613D07B80E}.Release|Any CPU.Build.0 = Release|Any CPU
		{6721CD07-0880-4154-85AF-EBE6043EF178}.Debug|Any CPU.ActiveCfg = Debug|Any CPU
		{6721CD07-0880-4154-85AF-EBE6043EF178}.Debug|Any CPU.Build.0 = Debug|Any CPU
		{6721CD07-0880-4154-85AF-EBE6043EF178}.Release|Any CPU.ActiveCfg = Release|Any CPU
		{6721CD07-0880-4154-85AF-EBE6043EF178}.Release|Any CPU.Build.0 = Release|Any CPU
		{C9FA924B-DA91-4641-8B7D-CBC09E5560AE}.Debug|Any CPU.ActiveCfg = Debug|Any CPU
		{C9FA924B-DA91-4641-8B7D-CBC09E5560AE}.Debug|Any CPU.Build.0 = Debug|Any CPU
		{C9FA924B-DA91-4641-8B7D-CBC09E5560AE}.Release|Any CPU.ActiveCfg = Release|Any CPU
		{C9FA924B-DA91-4641-8B7D-CBC09E5560AE}.Release|Any CPU.Build.0 = Release|Any CPU
		{AA15CF95-0AF2-4346-9465-CB6EDBE22ED9}.Debug|Any CPU.ActiveCfg = Debug|Any CPU
		{AA15CF95-0AF2-4346-9465-CB6EDBE22ED9}.Debug|Any CPU.Build.0 = Debug|Any CPU
		{AA15CF95-0AF2-4346-9465-CB6EDBE22ED9}.Release|Any CPU.ActiveCfg = Release|Any CPU
		{AA15CF95-0AF2-4346-9465-CB6EDBE22ED9}.Release|Any CPU.Build.0 = Release|Any CPU
		{7BD9F460-F3F9-40A0-B298-066EA975C06C}.Debug|Any CPU.ActiveCfg = Debug|Any CPU
		{7BD9F460-F3F9-40A0-B298-066EA975C06C}.Debug|Any CPU.Build.0 = Debug|Any CPU
		{7BD9F460-F3F9-40A0-B298-066EA975C06C}.Release|Any CPU.ActiveCfg = Release|Any CPU
		{7BD9F460-F3F9-40A0-B298-066EA975C06C}.Release|Any CPU.Build.0 = Release|Any CPU
	EndGlobalSection
	GlobalSection(SolutionProperties) = preSolution
		HideSolutionNode = FALSE
	EndGlobalSection
	GlobalSection(NestedProjects) = preSolution
		{26C387C6-7313-47D4-A05F-14639AB02D70} = {A921886B-C6F7-4FF8-8668-EC20004C464A}
		{48E4029A-115C-4DC2-AF3A-0AB94F36BFC0} = {A921886B-C6F7-4FF8-8668-EC20004C464A}
		{400DC7B2-739D-4156-916D-2F2E1920310D} = {A921886B-C6F7-4FF8-8668-EC20004C464A}
		{D9A47306-DEE0-4410-BC2C-BA8FFCE682A3} = {A921886B-C6F7-4FF8-8668-EC20004C464A}
		{9B0F9C6B-3C43-472D-B0C1-91E11A9FDE89} = {A921886B-C6F7-4FF8-8668-EC20004C464A}
		{FBBDE2BA-F9F3-4041-8584-2C912C235E26} = {13D47E11-4A7C-49C8-942E-2543E9C0098A}
		{96105100-20DB-4187-9BCA-0A20AC9F1298} = {13D47E11-4A7C-49C8-942E-2543E9C0098A}
		{146A2F6C-E83F-4A45-B2DF-5CD9C88C187F} = {13D47E11-4A7C-49C8-942E-2543E9C0098A}
		{E710FBEA-8C75-405D-B6B4-CFC82CB48FB5} = {A921886B-C6F7-4FF8-8668-EC20004C464A}
		{08296A2E-BECF-4DB9-A518-8A613D07B80E} = {13D47E11-4A7C-49C8-942E-2543E9C0098A}
		{6721CD07-0880-4154-85AF-EBE6043EF178} = {13D47E11-4A7C-49C8-942E-2543E9C0098A}
		{C9FA924B-DA91-4641-8B7D-CBC09E5560AE} = {A921886B-C6F7-4FF8-8668-EC20004C464A}
		{AA15CF95-0AF2-4346-9465-CB6EDBE22ED9} = {A921886B-C6F7-4FF8-8668-EC20004C464A}
	EndGlobalSection
	GlobalSection(ExtensibilityGlobals) = postSolution
		SolutionGuid = {1E79E6CF-73EA-4680-A11D-B2C32C9E1B3A}
	EndGlobalSection
EndGlobal
